
Microsoft Visual Studio Solution File, Format Version 11.00
# Visual Studio 2010
Project("{FAE04EC0-301F-11D3-BF4B-00C04F79EFBC}") = "dbase", "dbase\dbase.csproj", "{1756900D-4C8E-4B3F-8814-50964E3F46B7}"
EndProject
Global
	GlobalSection(SolutionConfigurationPlatforms) = preSolution
		Debug|x86 = Debug|x86
		Release|x86 = Release|x86
	EndGlobalSection
	GlobalSection(ProjectConfigurationPlatforms) = postSolution
		{1756900D-4C8E-4B3F-8814-50964E3F46B7}.Debug|x86.ActiveCfg = Debug|x86
		{1756900D-4C8E-4B3F-8814-50964E3F46B7}.Debug|x86.Build.0 = Debug|x86
		{1756900D-4C8E-4B3F-8814-50964E3F46B7}.Release|x86.ActiveCfg = Release|x86
		{1756900D-4C8E-4B3F-8814-50964E3F46B7}.Release|x86.Build.0 = Release|x86
	EndGlobalSection
	GlobalSection(SolutionProperties) = preSolution
		HideSolutionNode = FALSE
	EndGlobalSection
EndGlobal
